PODS:
  - GoogleMaps (9.3.0):
    - GoogleMaps/Maps (= 9.3.0)
  - GoogleMaps/Maps (9.3.0)
  - GooglePlaces (9.3.0)
  - KeychainSwift (24.0.0)

DEPENDENCIES:
  - GoogleMaps (~> 9.3.0)
  - GooglePlaces (~> 9.3.0)
  - KeychainSwift

SPEC REPOS:
  trunk:
    - GoogleMaps
    - GooglePlaces
    - KeychainSwift

SPEC CHECKSUMS:
  GoogleMaps: b58e9627004f47043897eeae830c3ef023678f3b
  GooglePlaces: 310d8c240eb4bf7aaeecec0de71fe75d086dbf4a
  KeychainSwift: 007c4647486e4563adca839cf02cef00deb3b670

PODFILE CHECKSUM: 237479dc138fe466d0b875e421bd0f36e8034041

COCOAPODS: 1.16.2
