// !$*UTF8*$!
{
	archiveVersion = 1;
	classes = {
	};
	objectVersion = 77;
	objects = {

/* Begin PBXBuildFile section */
		763D7B70C63CE9E1BBCE91E3 /* Pods_HoplaUITests.framework in Frameworks */ = {isa = PBXBuildFile; fileRef = 74BDF98EF7A5F4E0C7D39906 /* Pods_HoplaUITests.framework */; };
		7EFB2EEC1D385BEE46CA8ECB /* Pods_Hopla.framework in Frameworks */ = {isa = PBXBuildFile; fileRef = D0C1E8C9DB5888B62F90ED5C /* Pods_Hopla.framework */; };
		B7267AD72D77461B00A9A81A /* KeychainAccess in Frameworks */ = {isa = PBXBuildFile; productRef = B7267AD62D77461B00A9A81A /* KeychainAccess */; };
		B7267B742D774EA000A9A81A /* KeychainSwift in Frameworks */ = {isa = PBXBuildFile; productRef = B7267B732D774EA000A9A81A /* KeychainSwift */; };
		B76402B22D808C4D00822457 /* KeychainSwift in Frameworks */ = {isa = PBXBuildFile; productRef = B76402B12D808C4D00822457 /* KeychainSwift */; };
		B77813642D787E9200517150 /* KeychainAccess in Frameworks */ = {isa = PBXBuildFile; productRef = B77813632D787E9200517150 /* KeychainAccess */; };
		B7E5F3892D7EE752003ECADD /* KeychainAccess in Frameworks */ = {isa = PBXBuildFile; productRef = B7E5F3882D7EE752003ECADD /* KeychainAccess */; };
		B7E5F38B2D7EE77C003ECADD /* KeychainSwift in Frameworks */ = {isa = PBXBuildFile; productRef = B7E5F38A2D7EE77C003ECADD /* KeychainSwift */; };
		C2EEDBCADD713D88D7327363 /* Pods_HoplaTests.framework in Frameworks */ = {isa = PBXBuildFile; fileRef = 564B4385E9C316C87D4DE659 /* Pods_HoplaTests.framework */; };
/* End PBXBuildFile section */

/* Begin PBXContainerItemProxy section */
		B706E9772D3FE03D008496F9 /* PBXContainerItemProxy */ = {
			isa = PBXContainerItemProxy;
			containerPortal = B706E95E2D3FE03A008496F9 /* Project object */;
			proxyType = 1;
			remoteGlobalIDString = B706E9652D3FE03A008496F9;
			remoteInfo = Hopla;
		};
		B706E9812D3FE03D008496F9 /* PBXContainerItemProxy */ = {
			isa = PBXContainerItemProxy;
			containerPortal = B706E95E2D3FE03A008496F9 /* Project object */;
			proxyType = 1;
			remoteGlobalIDString = B706E9652D3FE03A008496F9;
			remoteInfo = Hopla;
		};
/* End PBXContainerItemProxy section */

/* Begin PBXFileReference section */
		110B9A1D4146694E77D73FEF /* Pods-Hopla.release.xcconfig */ = {isa = PBXFileReference; includeInIndex = 1; lastKnownFileType = text.xcconfig; name = "Pods-Hopla.release.xcconfig"; path = "Target Support Files/Pods-Hopla/Pods-Hopla.release.xcconfig"; sourceTree = "<group>"; };
		2A51E914E5EDBBB41D1C3FA2 /* Pods-HoplaTests.debug.xcconfig */ = {isa = PBXFileReference; includeInIndex = 1; lastKnownFileType = text.xcconfig; name = "Pods-HoplaTests.debug.xcconfig"; path = "Target Support Files/Pods-HoplaTests/Pods-HoplaTests.debug.xcconfig"; sourceTree = "<group>"; };
		4646C06C8AE948D920C9AF42 /* Pods-HoplaTests.release.xcconfig */ = {isa = PBXFileReference; includeInIndex = 1; lastKnownFileType = text.xcconfig; name = "Pods-HoplaTests.release.xcconfig"; path = "Target Support Files/Pods-HoplaTests/Pods-HoplaTests.release.xcconfig"; sourceTree = "<group>"; };
		564B4385E9C316C87D4DE659 /* Pods_HoplaTests.framework */ = {isa = PBXFileReference; explicitFileType = wrapper.framework; includeInIndex = 0; path = Pods_HoplaTests.framework; sourceTree = BUILT_PRODUCTS_DIR; };
		7051B62F6C49059D8F1246BF /* Pods-HoplaUITests.debug.xcconfig */ = {isa = PBXFileReference; includeInIndex = 1; lastKnownFileType = text.xcconfig; name = "Pods-HoplaUITests.debug.xcconfig"; path = "Target Support Files/Pods-HoplaUITests/Pods-HoplaUITests.debug.xcconfig"; sourceTree = "<group>"; };
		74BDF98EF7A5F4E0C7D39906 /* Pods_HoplaUITests.framework */ = {isa = PBXFileReference; explicitFileType = wrapper.framework; includeInIndex = 0; path = Pods_HoplaUITests.framework; sourceTree = BUILT_PRODUCTS_DIR; };
		AD280C7FE9967439802CB1A2 /* Pods-Hopla.debug.xcconfig */ = {isa = PBXFileReference; includeInIndex = 1; lastKnownFileType = text.xcconfig; name = "Pods-Hopla.debug.xcconfig"; path = "Target Support Files/Pods-Hopla/Pods-Hopla.debug.xcconfig"; sourceTree = "<group>"; };
		B2B2A1544AFF6B817B389A96 /* Pods-HoplaUITests.release.xcconfig */ = {isa = PBXFileReference; includeInIndex = 1; lastKnownFileType = text.xcconfig; name = "Pods-HoplaUITests.release.xcconfig"; path = "Target Support Files/Pods-HoplaUITests/Pods-HoplaUITests.release.xcconfig"; sourceTree = "<group>"; };
		B706E9662D3FE03A008496F9 /* Hopla.app */ = {isa = PBXFileReference; explicitFileType = wrapper.application; includeInIndex = 0; path = Hopla.app; sourceTree = BUILT_PRODUCTS_DIR; };
		B706E9762D3FE03D008496F9 /* HoplaTests.xctest */ = {isa = PBXFileReference; explicitFileType = wrapper.cfbundle; includeInIndex = 0; path = HoplaTests.xctest; sourceTree = BUILT_PRODUCTS_DIR; };
		B706E9802D3FE03D008496F9 /* HoplaUITests.xctest */ = {isa = PBXFileReference; explicitFileType = wrapper.cfbundle; includeInIndex = 0; path = HoplaUITests.xctest; sourceTree = BUILT_PRODUCTS_DIR; };
		D0C1E8C9DB5888B62F90ED5C /* Pods_Hopla.framework */ = {isa = PBXFileReference; explicitFileType = wrapper.framework; includeInIndex = 0; path = Pods_Hopla.framework; sourceTree = BUILT_PRODUCTS_DIR; };
/* End PBXFileReference section */

/* Begin PBXFileSystemSynchronizedBuildFileExceptionSet section */
		B740BE7D2D8D7A6D00E28F86 /* Exceptions for "Hopla" folder in "Hopla" target */ = {
			isa = PBXFileSystemSynchronizedBuildFileExceptionSet;
			membershipExceptions = (
				Info.plist,
			);
			target = B706E9652D3FE03A008496F9 /* Hopla */;
		};
/* End PBXFileSystemSynchronizedBuildFileExceptionSet section */

/* Begin PBXFileSystemSynchronizedRootGroup section */
		B706E9682D3FE03A008496F9 /* Hopla */ = {
			isa = PBXFileSystemSynchronizedRootGroup;
			exceptions = (
				B740BE7D2D8D7A6D00E28F86 /* Exceptions for "Hopla" folder in "Hopla" target */,
			);
			path = Hopla;
			sourceTree = "<group>";
		};
		B706E9792D3FE03D008496F9 /* HoplaTests */ = {
			isa = PBXFileSystemSynchronizedRootGroup;
			path = HoplaTests;
			sourceTree = "<group>";
		};
		B706E9832D3FE03D008496F9 /* HoplaUITests */ = {
			isa = PBXFileSystemSynchronizedRootGroup;
			path = HoplaUITests;
			sourceTree = "<group>";
		};
/* End PBXFileSystemSynchronizedRootGroup section */

/* Begin PBXFrameworksBuildPhase section */
		B706E9632D3FE03A008496F9 /* Frameworks */ = {
			isa = PBXFrameworksBuildPhase;
			buildActionMask = 2147483647;
			files = (
				B7E5F38B2D7EE77C003ECADD /* KeychainSwift in Frameworks */,
				B77813642D787E9200517150 /* KeychainAccess in Frameworks */,
				B7267B742D774EA000A9A81A /* KeychainSwift in Frameworks */,
				B76402B22D808C4D00822457 /* KeychainSwift in Frameworks */,
				B7267AD72D77461B00A9A81A /* KeychainAccess in Frameworks */,
				7EFB2EEC1D385BEE46CA8ECB /* Pods_Hopla.framework in Frameworks */,
				B7E5F3892D7EE752003ECADD /* KeychainAccess in Frameworks */,
			);
			runOnlyForDeploymentPostprocessing = 0;
		};
		B706E9732D3FE03D008496F9 /* Frameworks */ = {
			isa = PBXFrameworksBuildPhase;
			buildActionMask = 2147483647;
			files = (
				C2EEDBCADD713D88D7327363 /* Pods_HoplaTests.framework in Frameworks */,
			);
			runOnlyForDeploymentPostprocessing = 0;
		};
		B706E97D2D3FE03D008496F9 /* Frameworks */ = {
			isa = PBXFrameworksBuildPhase;
			buildActionMask = 2147483647;
			files = (
				763D7B70C63CE9E1BBCE91E3 /* Pods_HoplaUITests.framework in Frameworks */,
			);
			runOnlyForDeploymentPostprocessing = 0;
		};
/* End PBXFrameworksBuildPhase section */

/* Begin PBXGroup section */
		3B31EFAD00F7AEF3B4165CC2 /* Frameworks */ = {
			isa = PBXGroup;
			children = (
				D0C1E8C9DB5888B62F90ED5C /* Pods_Hopla.framework */,
				564B4385E9C316C87D4DE659 /* Pods_HoplaTests.framework */,
				74BDF98EF7A5F4E0C7D39906 /* Pods_HoplaUITests.framework */,
			);
			name = Frameworks;
			sourceTree = "<group>";
		};
		B706E95D2D3FE03A008496F9 = {
			isa = PBXGroup;
			children = (
				B706E9682D3FE03A008496F9 /* Hopla */,
				B706E9792D3FE03D008496F9 /* HoplaTests */,
				B706E9832D3FE03D008496F9 /* HoplaUITests */,
				B706E9672D3FE03A008496F9 /* Products */,
				C1902BE88E7BE785C34EFB2E /* Pods */,
				3B31EFAD00F7AEF3B4165CC2 /* Frameworks */,
			);
			sourceTree = "<group>";
		};
		B706E9672D3FE03A008496F9 /* Products */ = {
			isa = PBXGroup;
			children = (
				B706E9662D3FE03A008496F9 /* Hopla.app */,
				B706E9762D3FE03D008496F9 /* HoplaTests.xctest */,
				B706E9802D3FE03D008496F9 /* HoplaUITests.xctest */,
			);
			name = Products;
			sourceTree = "<group>";
		};
		C1902BE88E7BE785C34EFB2E /* Pods */ = {
			isa = PBXGroup;
			children = (
				AD280C7FE9967439802CB1A2 /* Pods-Hopla.debug.xcconfig */,
				110B9A1D4146694E77D73FEF /* Pods-Hopla.release.xcconfig */,
				2A51E914E5EDBBB41D1C3FA2 /* Pods-HoplaTests.debug.xcconfig */,
				4646C06C8AE948D920C9AF42 /* Pods-HoplaTests.release.xcconfig */,
				7051B62F6C49059D8F1246BF /* Pods-HoplaUITests.debug.xcconfig */,
				B2B2A1544AFF6B817B389A96 /* Pods-HoplaUITests.release.xcconfig */,
			);
			path = Pods;
			sourceTree = "<group>";
		};
/* End PBXGroup section */

/* Begin PBXNativeTarget section */
		B706E9652D3FE03A008496F9 /* Hopla */ = {
			isa = PBXNativeTarget;
			buildConfigurationList = B706E98A2D3FE03D008496F9 /* Build configuration list for PBXNativeTarget "Hopla" */;
			buildPhases = (
				166D37700B4372328E53F030 /* [CP] Check Pods Manifest.lock */,
				B706E9622D3FE03A008496F9 /* Sources */,
				B706E9632D3FE03A008496F9 /* Frameworks */,
				B706E9642D3FE03A008496F9 /* Resources */,
				07C7BA60643EF7E74F8F1811 /* [CP] Embed Pods Frameworks */,
				2B3CF0036963D6585E4D6771 /* [CP] Copy Pods Resources */,
			);
			buildRules = (
			);
			dependencies = (
			);
			fileSystemSynchronizedGroups = (
				B706E9682D3FE03A008496F9 /* Hopla */,
			);
			name = Hopla;
			productName = Hopla;
			productReference = B706E9662D3FE03A008496F9 /* Hopla.app */;
			productType = "com.apple.product-type.application";
		};
		B706E9752D3FE03D008496F9 /* HoplaTests */ = {
			isa = PBXNativeTarget;
			buildConfigurationList = B706E98D2D3FE03D008496F9 /* Build configuration list for PBXNativeTarget "HoplaTests" */;
			buildPhases = (
				820B7BEAC6D25456F3A78AC3 /* [CP] Check Pods Manifest.lock */,
				B706E9722D3FE03D008496F9 /* Sources */,
				B706E9732D3FE03D008496F9 /* Frameworks */,
				B706E9742D3FE03D008496F9 /* Resources */,
			);
			buildRules = (
			);
			dependencies = (
				B706E9782D3FE03D008496F9 /* PBXTargetDependency */,
			);
			fileSystemSynchronizedGroups = (
				B706E9792D3FE03D008496F9 /* HoplaTests */,
			);
			name = HoplaTests;
			productName = HoplaTests;
			productReference = B706E9762D3FE03D008496F9 /* HoplaTests.xctest */;
			productType = "com.apple.product-type.bundle.unit-test";
		};
		B706E97F2D3FE03D008496F9 /* HoplaUITests */ = {
			isa = PBXNativeTarget;
			buildConfigurationList = B706E9902D3FE03D008496F9 /* Build configuration list for PBXNativeTarget "HoplaUITests" */;
			buildPhases = (
				30CD326B1B5B34443F810325 /* [CP] Check Pods Manifest.lock */,
				B706E97C2D3FE03D008496F9 /* Sources */,
				B706E97D2D3FE03D008496F9 /* Frameworks */,
				B706E97E2D3FE03D008496F9 /* Resources */,
			);
			buildRules = (
			);
			dependencies = (
				B706E9822D3FE03D008496F9 /* PBXTargetDependency */,
			);
			fileSystemSynchronizedGroups = (
				B706E9832D3FE03D008496F9 /* HoplaUITests */,
			);
			name = HoplaUITests;
			productName = HoplaUITests;
			productReference = B706E9802D3FE03D008496F9 /* HoplaUITests.xctest */;
			productType = "com.apple.product-type.bundle.ui-testing";
		};
/* End PBXNativeTarget section */

/* Begin PBXProject section */
		B706E95E2D3FE03A008496F9 /* Project object */ = {
			isa = PBXProject;
			attributes = {
				BuildIndependentTargetsInParallel = 1;
				LastSwiftUpdateCheck = 1620;
				LastUpgradeCheck = 1620;
				TargetAttributes = {
					B706E9652D3FE03A008496F9 = {
						CreatedOnToolsVersion = 16.2;
					};
					B706E9752D3FE03D008496F9 = {
						CreatedOnToolsVersion = 16.2;
						TestTargetID = B706E9652D3FE03A008496F9;
					};
					B706E97F2D3FE03D008496F9 = {
						CreatedOnToolsVersion = 16.2;
						TestTargetID = B706E9652D3FE03A008496F9;
					};
				};
			};
			buildConfigurationList = B706E9612D3FE03A008496F9 /* Build configuration list for PBXProject "Hopla" */;
			developmentRegion = en;
			hasScannedForEncodings = 0;
			knownRegions = (
				en,
				Base,
				nb,
			);
			mainGroup = B706E95D2D3FE03A008496F9;
			minimizedProjectReferenceProxies = 1;
			packageReferences = (
				B7267AD52D77461B00A9A81A /* XCRemoteSwiftPackageReference "KeychainAccess" */,
				B7267B722D774EA000A9A81A /* XCRemoteSwiftPackageReference "keychain-swift" */,
			);
			preferredProjectObjectVersion = 77;
			productRefGroup = B706E9672D3FE03A008496F9 /* Products */;
			projectDirPath = "";
			projectRoot = "";
			targets = (
				B706E9652D3FE03A008496F9 /* Hopla */,
				B706E9752D3FE03D008496F9 /* HoplaTests */,
				B706E97F2D3FE03D008496F9 /* HoplaUITests */,
			);
		};
/* End PBXProject section */

/* Begin PBXResourcesBuildPhase section */
		B706E9642D3FE03A008496F9 /* Resources */ = {
			isa = PBXResourcesBuildPhase;
			buildActionMask = 2147483647;
			files = (
			);
			runOnlyForDeploymentPostprocessing = 0;
		};
		B706E9742D3FE03D008496F9 /* Resources */ = {
			isa = PBXResourcesBuildPhase;
			buildActionMask = 2147483647;
			files = (
			);
			runOnlyForDeploymentPostprocessing = 0;
		};
		B706E97E2D3FE03D008496F9 /* Resources */ = {
			isa = PBXResourcesBuildPhase;
			buildActionMask = 2147483647;
			files = (
			);
			runOnlyForDeploymentPostprocessing = 0;
		};
/* End PBXResourcesBuildPhase section */

/* Begin PBXShellScriptBuildPhase section */
		07C7BA60643EF7E74F8F1811 /* [CP] Embed Pods Frameworks */ = {
			isa = PBXShellScriptBuildPhase;
			buildActionMask = 2147483647;
			files = (
			);
			inputFileListPaths = (
				"${PODS_ROOT}/Target Support Files/Pods-Hopla/Pods-Hopla-frameworks-${CONFIGURATION}-input-files.xcfilelist",
			);
			name = "[CP] Embed Pods Frameworks";
			outputFileListPaths = (
				"${PODS_ROOT}/Target Support Files/Pods-Hopla/Pods-Hopla-frameworks-${CONFIGURATION}-output-files.xcfilelist",
			);
			runOnlyForDeploymentPostprocessing = 0;
			shellPath = /bin/sh;
			shellScript = "\"${PODS_ROOT}/Target Support Files/Pods-Hopla/Pods-Hopla-frameworks.sh\"\n";
			showEnvVarsInLog = 0;
		};
		166D37700B4372328E53F030 /* [CP] Check Pods Manifest.lock */ = {
			isa = PBXShellScriptBuildPhase;
			buildActionMask = 2147483647;
			files = (
			);
			inputFileListPaths = (
			);
			inputPaths = (
				"${PODS_PODFILE_DIR_PATH}/Podfile.lock",
				"${PODS_ROOT}/Manifest.lock",
			);
			name = "[CP] Check Pods Manifest.lock";
			outputFileListPaths = (
			);
			outputPaths = (
				"$(DERIVED_FILE_DIR)/Pods-Hopla-checkManifestLockResult.txt",
			);
			runOnlyForDeploymentPostprocessing = 0;
			shellPath = /bin/sh;
			shellScript = "diff \"${PODS_PODFILE_DIR_PATH}/Podfile.lock\" \"${PODS_ROOT}/Manifest.lock\" > /dev/null\nif [ $? != 0 ] ; then\n    # print error to STDERR\n    echo \"error: The sandbox is not in sync with the Podfile.lock. Run 'pod install' or update your CocoaPods installation.\" >&2\n    exit 1\nfi\n# This output is used by Xcode 'outputs' to avoid re-running this script phase.\necho \"SUCCESS\" > \"${SCRIPT_OUTPUT_FILE_0}\"\n";
			showEnvVarsInLog = 0;
		};
		2B3CF0036963D6585E4D6771 /* [CP] Copy Pods Resources */ = {
			isa = PBXShellScriptBuildPhase;
			buildActionMask = 2147483647;
			files = (
			);
			inputFileListPaths = (
				"${PODS_ROOT}/Target Support Files/Pods-Hopla/Pods-Hopla-resources-${CONFIGURATION}-input-files.xcfilelist",
			);
			name = "[CP] Copy Pods Resources";
			outputFileListPaths = (
				"${PODS_ROOT}/Target Support Files/Pods-Hopla/Pods-Hopla-resources-${CONFIGURATION}-output-files.xcfilelist",
			);
			runOnlyForDeploymentPostprocessing = 0;
			shellPath = /bin/sh;
			shellScript = "\"${PODS_ROOT}/Target Support Files/Pods-Hopla/Pods-Hopla-resources.sh\"\n";
			showEnvVarsInLog = 0;
		};
		30CD326B1B5B34443F810325 /* [CP] Check Pods Manifest.lock */ = {
			isa = PBXShellScriptBuildPhase;
			buildActionMask = 2147483647;
			files = (
			);
			inputFileListPaths = (
			);
			inputPaths = (
				"${PODS_PODFILE_DIR_PATH}/Podfile.lock",
				"${PODS_ROOT}/Manifest.lock",
			);
			name = "[CP] Check Pods Manifest.lock";
			outputFileListPaths = (
			);
			outputPaths = (
				"$(DERIVED_FILE_DIR)/Pods-HoplaUITests-checkManifestLockResult.txt",
			);
			runOnlyForDeploymentPostprocessing = 0;
			shellPath = /bin/sh;
			shellScript = "diff \"${PODS_PODFILE_DIR_PATH}/Podfile.lock\" \"${PODS_ROOT}/Manifest.lock\" > /dev/null\nif [ $? != 0 ] ; then\n    # print error to STDERR\n    echo \"error: The sandbox is not in sync with the Podfile.lock. Run 'pod install' or update your CocoaPods installation.\" >&2\n    exit 1\nfi\n# This output is used by Xcode 'outputs' to avoid re-running this script phase.\necho \"SUCCESS\" > \"${SCRIPT_OUTPUT_FILE_0}\"\n";
			showEnvVarsInLog = 0;
		};
		820B7BEAC6D25456F3A78AC3 /* [CP] Check Pods Manifest.lock */ = {
			isa = PBXShellScriptBuildPhase;
			buildActionMask = 2147483647;
			files = (
			);
			inputFileListPaths = (
			);
			inputPaths = (
				"${PODS_PODFILE_DIR_PATH}/Podfile.lock",
				"${PODS_ROOT}/Manifest.lock",
			);
			name = "[CP] Check Pods Manifest.lock";
			outputFileListPaths = (
			);
			outputPaths = (
				"$(DERIVED_FILE_DIR)/Pods-HoplaTests-checkManifestLockResult.txt",
			);
			runOnlyForDeploymentPostprocessing = 0;
			shellPath = /bin/sh;
			shellScript = "diff \"${PODS_PODFILE_DIR_PATH}/Podfile.lock\" \"${PODS_ROOT}/Manifest.lock\" > /dev/null\nif [ $? != 0 ] ; then\n    # print error to STDERR\n    echo \"error: The sandbox is not in sync with the Podfile.lock. Run 'pod install' or update your CocoaPods installation.\" >&2\n    exit 1\nfi\n# This output is used by Xcode 'outputs' to avoid re-running this script phase.\necho \"SUCCESS\" > \"${SCRIPT_OUTPUT_FILE_0}\"\n";
			showEnvVarsInLog = 0;
		};
/* End PBXShellScriptBuildPhase section */

/* Begin PBXSourcesBuildPhase section */
		B706E9622D3FE03A008496F9 /* Sources */ = {
			isa = PBXSourcesBuildPhase;
			buildActionMask = 2147483647;
			files = (
			);
			runOnlyForDeploymentPostprocessing = 0;
		};
		B706E9722D3FE03D008496F9 /* Sources */ = {
			isa = PBXSourcesBuildPhase;
			buildActionMask = 2147483647;
			files = (
			);
			runOnlyForDeploymentPostprocessing = 0;
		};
		B706E97C2D3FE03D008496F9 /* Sources */ = {
			isa = PBXSourcesBuildPhase;
			buildActionMask = 2147483647;
			files = (
			);
			runOnlyForDeploymentPostprocessing = 0;
		};
/* End PBXSourcesBuildPhase section */

/* Begin PBXTargetDependency section */
		B706E9782D3FE03D008496F9 /* PBXTargetDependency */ = {
			isa = PBXTargetDependency;
			target = B706E9652D3FE03A008496F9 /* Hopla */;
			targetProxy = B706E9772D3FE03D008496F9 /* PBXContainerItemProxy */;
		};
		B706E9822D3FE03D008496F9 /* PBXTargetDependency */ = {
			isa = PBXTargetDependency;
			target = B706E9652D3FE03A008496F9 /* Hopla */;
			targetProxy = B706E9812D3FE03D008496F9 /* PBXContainerItemProxy */;
		};
/* End PBXTargetDependency section */

/* Begin XCBuildConfiguration section */
		B706E9882D3FE03D008496F9 /* Debug */ = {
			isa = XCBuildConfiguration;
			buildSettings = {
				ALWAYS_SEARCH_USER_PATHS = NO;
				ASSETCATALOG_COMPILER_GENERATE_SWIFT_ASSET_SYMBOL_EXTENSIONS = YES;
				CLANG_ANALYZER_NONNULL = YES;
				CLANG_ANALYZER_NUMBER_OBJECT_CONVERSION = YES_AGGRESSIVE;
				CLANG_CXX_LANGUAGE_STANDARD = "gnu++20";
				CLANG_ENABLE_MODULES = YES;
				CLANG_ENABLE_OBJC_ARC = YES;
				CLANG_ENABLE_OBJC_WEAK = YES;
				CLANG_WARN_BLOCK_CAPTURE_AUTORELEASING = YES;
				CLANG_WARN_BOOL_CONVERSION = YES;
				CLANG_WARN_COMMA = YES;
				CLANG_WARN_CONSTANT_CONVERSION = YES;
				CLANG_WARN_DEPRECATED_OBJC_IMPLEMENTATIONS = YES;
				CLANG_WARN_DIRECT_OBJC_ISA_USAGE = YES_ERROR;
				CLANG_WARN_DOCUMENTATION_COMMENTS = YES;
				CLANG_WARN_EMPTY_BODY = YES;
				CLANG_WARN_ENUM_CONVERSION = YES;
				CLANG_WARN_INFINITE_RECURSION = YES;
				CLANG_WARN_INT_CONVERSION = YES;
				CLANG_WARN_NON_LITERAL_NULL_CONVERSION = YES;
				CLANG_WARN_OBJC_IMPLICIT_RETAIN_SELF = YES;
				CLANG_WARN_OBJC_LITERAL_CONVERSION = YES;
				CLANG_WARN_OBJC_ROOT_CLASS = YES_ERROR;
				CLANG_WARN_QUOTED_INCLUDE_IN_FRAMEWORK_HEADER = YES;
				CLANG_WARN_RANGE_LOOP_ANALYSIS = YES;
				CLANG_WARN_STRICT_PROTOTYPES = YES;
				CLANG_WARN_SUSPICIOUS_MOVE = YES;
				CLANG_WARN_UNGUARDED_AVAILABILITY = YES_AGGRESSIVE;
				CLANG_WARN_UNREACHABLE_CODE = YES;
				CLANG_WARN__DUPLICATE_METHOD_MATCH = YES;
				COPY_PHASE_STRIP = NO;
				DEBUG_INFORMATION_FORMAT = dwarf;
				ENABLE_STRICT_OBJC_MSGSEND = YES;
				ENABLE_TESTABILITY = YES;
				ENABLE_USER_SCRIPT_SANDBOXING = YES;
				GCC_C_LANGUAGE_STANDARD = gnu17;
				GCC_DYNAMIC_NO_PIC = NO;
				GCC_NO_COMMON_BLOCKS = YES;
				GCC_OPTIMIZATION_LEVEL = 0;
				GCC_PREPROCESSOR_DEFINITIONS = (
					"DEBUG=1",
					"$(inherited)",
				);
				GCC_WARN_64_TO_32_BIT_CONVERSION = YES;
				GCC_WARN_ABOUT_RETURN_TYPE = YES_ERROR;
				GCC_WARN_UNDECLARED_SELECTOR = YES;
				GCC_WARN_UNINITIALIZED_AUTOS = YES_AGGRESSIVE;
				GCC_WARN_UNUSED_FUNCTION = YES;
				GCC_WARN_UNUSED_VARIABLE = YES;
				IPHONEOS_DEPLOYMENT_TARGET = 18.2;
				LOCALIZATION_PREFERS_STRING_CATALOGS = YES;
				MTL_ENABLE_DEBUG_INFO = INCLUDE_SOURCE;
				MTL_FAST_MATH = YES;
				ONLY_ACTIVE_ARCH = YES;
				SDKROOT = iphoneos;
				SWIFT_ACTIVE_COMPILATION_CONDITIONS = "DEBUG $(inherited)";
				SWIFT_EMIT_LOC_STRINGS = YES;
				SWIFT_OPTIMIZATION_LEVEL = "-Onone";
			};
			name = Debug;
		};
		B706E9892D3FE03D008496F9 /* Release */ = {
			isa = XCBuildConfiguration;
			buildSettings = {
				ALWAYS_SEARCH_USER_PATHS = NO;
				ASSETCATALOG_COMPILER_GENERATE_SWIFT_ASSET_SYMBOL_EXTENSIONS = YES;
				CLANG_ANALYZER_NONNULL = YES;
				CLANG_ANALYZER_NUMBER_OBJECT_CONVERSION = YES_AGGRESSIVE;
				CLANG_CXX_LANGUAGE_STANDARD = "gnu++20";
				CLANG_ENABLE_MODULES = YES;
				CLANG_ENABLE_OBJC_ARC = YES;
				CLANG_ENABLE_OBJC_WEAK = YES;
				CLANG_WARN_BLOCK_CAPTURE_AUTORELEASING = YES;
				CLANG_WARN_BOOL_CONVERSION = YES;
				CLANG_WARN_COMMA = YES;
				CLANG_WARN_CONSTANT_CONVERSION = YES;
				CLANG_WARN_DEPRECATED_OBJC_IMPLEMENTATIONS = YES;
				CLANG_WARN_DIRECT_OBJC_ISA_USAGE = YES_ERROR;
				CLANG_WARN_DOCUMENTATION_COMMENTS = YES;
				CLANG_WARN_EMPTY_BODY = YES;
				CLANG_WARN_ENUM_CONVERSION = YES;
				CLANG_WARN_INFINITE_RECURSION = YES;
				CLANG_WARN_INT_CONVERSION = YES;
				CLANG_WARN_NON_LITERAL_NULL_CONVERSION = YES;
				CLANG_WARN_OBJC_IMPLICIT_RETAIN_SELF = YES;
				CLANG_WARN_OBJC_LITERAL_CONVERSION = YES;
				CLANG_WARN_OBJC_ROOT_CLASS = YES_ERROR;
				CLANG_WARN_QUOTED_INCLUDE_IN_FRAMEWORK_HEADER = YES;
				CLANG_WARN_RANGE_LOOP_ANALYSIS = YES;
				CLANG_WARN_STRICT_PROTOTYPES = YES;
				CLANG_WARN_SUSPICIOUS_MOVE = YES;
				CLANG_WARN_UNGUARDED_AVAILABILITY = YES_AGGRESSIVE;
				CLANG_WARN_UNREACHABLE_CODE = YES;
				CLANG_WARN__DUPLICATE_METHOD_MATCH = YES;
				COPY_PHASE_STRIP = NO;
				DEBUG_INFORMATION_FORMAT = "dwarf-with-dsym";
				ENABLE_NS_ASSERTIONS = NO;
				ENABLE_STRICT_OBJC_MSGSEND = YES;
				ENABLE_USER_SCRIPT_SANDBOXING = YES;
				GCC_C_LANGUAGE_STANDARD = gnu17;
				GCC_NO_COMMON_BLOCKS = YES;
				GCC_WARN_64_TO_32_BIT_CONVERSION = YES;
				GCC_WARN_ABOUT_RETURN_TYPE = YES_ERROR;
				GCC_WARN_UNDECLARED_SELECTOR = YES;
				GCC_WARN_UNINITIALIZED_AUTOS = YES_AGGRESSIVE;
				GCC_WARN_UNUSED_FUNCTION = YES;
				GCC_WARN_UNUSED_VARIABLE = YES;
				IPHONEOS_DEPLOYMENT_TARGET = 18.2;
				LOCALIZATION_PREFERS_STRING_CATALOGS = YES;
				MTL_ENABLE_DEBUG_INFO = NO;
				MTL_FAST_MATH = YES;
				SDKROOT = iphoneos;
				SWIFT_COMPILATION_MODE = wholemodule;
				SWIFT_EMIT_LOC_STRINGS = YES;
				VALIDATE_PRODUCT = YES;
			};
			name = Release;
		};
		B706E98B2D3FE03D008496F9 /* Debug */ = {
			isa = XCBuildConfiguration;
			baseConfigurationReference = AD280C7FE9967439802CB1A2 /* Pods-Hopla.debug.xcconfig */;
			buildSettings = {
				ASSETCATALOG_COMPILER_APPICON_NAME = AppIcon;
				ASSETCATALOG_COMPILER_GLOBAL_ACCENT_COLOR_NAME = AccentColor;
				ASSETCATALOG_COMPILER_INCLUDE_ALL_APPICON_ASSETS = YES;
				CODE_SIGN_STYLE = Automatic;
				CURRENT_PROJECT_VERSION = 1;
				DEVELOPMENT_ASSET_PATHS = "\"Hopla/Preview Content\"";
				DEVELOPMENT_TEAM = 9MR3MF93FC;
				ENABLE_PREVIEWS = YES;
				ENABLE_USER_SCRIPT_SANDBOXING = NO;
				GENERATE_INFOPLIST_FILE = YES;
				INFOPLIST_FILE = Hopla/Info.plist;
				INFOPLIST_KEY_CFBundleDisplayName = "";
				INFOPLIST_KEY_LSApplicationCategoryType = "";
				INFOPLIST_KEY_NSCameraUsageDescription = "This app wants to use your camera.";
				INFOPLIST_KEY_NSFileProviderDomainUsageDescription = "";
				INFOPLIST_KEY_NSLocationAlwaysAndWhenInUseUsageDescription = "The app requires location access to track hikes.";
				INFOPLIST_KEY_NSLocationAlwaysUsageDescription = "Location!";
				INFOPLIST_KEY_NSLocationUsageDescription = location;
				INFOPLIST_KEY_NSLocationWhenInUseUsageDescription = "The app needs your location to display it on the map.";
				INFOPLIST_KEY_NSPhotoLibraryAddUsageDescription = "This app needs permission to save your profile picture.";
				INFOPLIST_KEY_NSPhotoLibraryUsageDescription = "This app needs access to your photos to select a profile picture.";
				INFOPLIST_KEY_UIApplicationSceneManifest_Generation = YES;
				INFOPLIST_KEY_UIApplicationSupportsIndirectInputEvents = YES;
				INFOPLIST_KEY_UILaunchScreen_Generation = YES;
				INFOPLIST_KEY_UISupportedInterfaceOrientations_iPad = "UIInterfaceOrientationPortrait UIInterfaceOrientationPortraitUpsideDown UIInterfaceOrientationLandscapeLeft UIInterfaceOrientationLandscapeRight";
				IPHONEOS_DEPLOYMENT_TARGET = 16.6;
				LD_RUNPATH_SEARCH_PATHS = (
					"$(inherited)",
					"@executable_path/Frameworks",
				);
				MARKETING_VERSION = 1.0;
				PRODUCT_BUNDLE_IDENTIFIER = com.anemarie.hopla;
				PRODUCT_NAME = "$(TARGET_NAME)";
				SWIFT_EMIT_LOC_STRINGS = YES;
				SWIFT_VERSION = 5.0;
				TARGETED_DEVICE_FAMILY = "1,2";
			};
			name = Debug;
		};
		B706E98C2D3FE03D008496F9 /* Release */ = {
			isa = XCBuildConfiguration;
			baseConfigurationReference = 110B9A1D4146694E77D73FEF /* Pods-Hopla.release.xcconfig */;
			buildSettings = {
				ASSETCATALOG_COMPILER_APPICON_NAME = AppIcon;
				ASSETCATALOG_COMPILER_GLOBAL_ACCENT_COLOR_NAME = AccentColor;
				ASSETCATALOG_COMPILER_INCLUDE_ALL_APPICON_ASSETS = YES;
				CODE_SIGN_STYLE = Automatic;
				CURRENT_PROJECT_VERSION = 1;
				DEVELOPMENT_ASSET_PATHS = "\"Hopla/Preview Content\"";
				DEVELOPMENT_TEAM = 9MR3MF93FC;
				ENABLE_PREVIEWS = YES;
				ENABLE_USER_SCRIPT_SANDBOXING = NO;
				GENERATE_INFOPLIST_FILE = YES;
				INFOPLIST_FILE = Hopla/Info.plist;
				INFOPLIST_KEY_CFBundleDisplayName = "";
				INFOPLIST_KEY_LSApplicationCategoryType = "";
				INFOPLIST_KEY_NSCameraUsageDescription = "This app wants to use your camera.";
				INFOPLIST_KEY_NSFileProviderDomainUsageDescription = "";
				INFOPLIST_KEY_NSLocationAlwaysAndWhenInUseUsageDescription = "The app requires location access to track hikes.";
				INFOPLIST_KEY_NSLocationAlwaysUsageDescription = "Location!";
				INFOPLIST_KEY_NSLocationUsageDescription = location;
				INFOPLIST_KEY_NSLocationWhenInUseUsageDescription = "The app needs your location to display it on the map.";
				INFOPLIST_KEY_NSPhotoLibraryAddUsageDescription = "This app needs permission to save your profile picture.";
				INFOPLIST_KEY_NSPhotoLibraryUsageDescription = "This app needs access to your photos to select a profile picture.";
				INFOPLIST_KEY_UIApplicationSceneManifest_Generation = YES;
				INFOPLIST_KEY_UIApplicationSupportsIndirectInputEvents = YES;
				INFOPLIST_KEY_UILaunchScreen_Generation = YES;
				INFOPLIST_KEY_UISupportedInterfaceOrientations_iPad = "UIInterfaceOrientationPortrait UIInterfaceOrientationPortraitUpsideDown UIInterfaceOrientationLandscapeLeft UIInterfaceOrientationLandscapeRight";
				IPHONEOS_DEPLOYMENT_TARGET = 16.6;
				LD_RUNPATH_SEARCH_PATHS = (
					"$(inherited)",
					"@executable_path/Frameworks",
				);
				MARKETING_VERSION = 1.0;
				PRODUCT_BUNDLE_IDENTIFIER = com.anemarie.hopla;
				PRODUCT_NAME = "$(TARGET_NAME)";
				SWIFT_EMIT_LOC_STRINGS = YES;
				SWIFT_VERSION = 5.0;
				TARGETED_DEVICE_FAMILY = "1,2";
			};
			name = Release;
		};
		B706E98E2D3FE03D008496F9 /* Debug */ = {
			isa = XCBuildConfiguration;
			baseConfigurationReference = 2A51E914E5EDBBB41D1C3FA2 /* Pods-HoplaTests.debug.xcconfig */;
			buildSettings = {
				BUNDLE_LOADER = "$(TEST_HOST)";
				CODE_SIGN_STYLE = Automatic;
				CURRENT_PROJECT_VERSION = 1;
				GENERATE_INFOPLIST_FILE = YES;
				IPHONEOS_DEPLOYMENT_TARGET = 18.2;
				MARKETING_VERSION = 1.0;
				PRODUCT_BUNDLE_IDENTIFIER = Hopla.HoplaTests;
				PRODUCT_NAME = "$(TARGET_NAME)";
				SWIFT_EMIT_LOC_STRINGS = NO;
				SWIFT_VERSION = 5.0;
				TARGETED_DEVICE_FAMILY = "1,2";
				TEST_HOST = "$(BUILT_PRODUCTS_DIR)/Hopla.app/$(BUNDLE_EXECUTABLE_FOLDER_PATH)/Hopla";
			};
			name = Debug;
		};
		B706E98F2D3FE03D008496F9 /* Release */ = {
			isa = XCBuildConfiguration;
			baseConfigurationReference = 4646C06C8AE948D920C9AF42 /* Pods-HoplaTests.release.xcconfig */;
			buildSettings = {
				BUNDLE_LOADER = "$(TEST_HOST)";
				CODE_SIGN_STYLE = Automatic;
				CURRENT_PROJECT_VERSION = 1;
				GENERATE_INFOPLIST_FILE = YES;
				IPHONEOS_DEPLOYMENT_TARGET = 18.2;
				MARKETING_VERSION = 1.0;
				PRODUCT_BUNDLE_IDENTIFIER = Hopla.HoplaTests;
				PRODUCT_NAME = "$(TARGET_NAME)";
				SWIFT_EMIT_LOC_STRINGS = NO;
				SWIFT_VERSION = 5.0;
				TARGETED_DEVICE_FAMILY = "1,2";
				TEST_HOST = "$(BUILT_PRODUCTS_DIR)/Hopla.app/$(BUNDLE_EXECUTABLE_FOLDER_PATH)/Hopla";
			};
			name = Release;
		};
		B706E9912D3FE03D008496F9 /* Debug */ = {
			isa = XCBuildConfiguration;
			baseConfigurationReference = 7051B62F6C49059D8F1246BF /* Pods-HoplaUITests.debug.xcconfig */;
			buildSettings = {
				CODE_SIGN_STYLE = Automatic;
				CURRENT_PROJECT_VERSION = 1;
				GENERATE_INFOPLIST_FILE = YES;
				MARKETING_VERSION = 1.0;
				PRODUCT_BUNDLE_IDENTIFIER = Hopla.HoplaUITests;
				PRODUCT_NAME = "$(TARGET_NAME)";
				SWIFT_EMIT_LOC_STRINGS = NO;
				SWIFT_VERSION = 5.0;
				TARGETED_DEVICE_FAMILY = "1,2";
				TEST_TARGET_NAME = Hopla;
			};
			name = Debug;
		};
		B706E9922D3FE03D008496F9 /* Release */ = {
			isa = XCBuildConfiguration;
			baseConfigurationReference = B2B2A1544AFF6B817B389A96 /* Pods-HoplaUITests.release.xcconfig */;
			buildSettings = {
				CODE_SIGN_STYLE = Automatic;
				CURRENT_PROJECT_VERSION = 1;
				GENERATE_INFOPLIST_FILE = YES;
				MARKETING_VERSION = 1.0;
				PRODUCT_BUNDLE_IDENTIFIER = Hopla.HoplaUITests;
				PRODUCT_NAME = "$(TARGET_NAME)";
				SWIFT_EMIT_LOC_STRINGS = NO;
				SWIFT_VERSION = 5.0;
				TARGETED_DEVICE_FAMILY = "1,2";
				TEST_TARGET_NAME = Hopla;
			};
			name = Release;
		};
/* End XCBuildConfiguration section */

/* Begin XCConfigurationList section */
		B706E9612D3FE03A008496F9 /* Build configuration list for PBXProject "Hopla" */ = {
			isa = XCConfigurationList;
			buildConfigurations = (
				B706E9882D3FE03D008496F9 /* Debug */,
				B706E9892D3FE03D008496F9 /* Release */,
			);
			defaultConfigurationIsVisible = 0;
			defaultConfigurationName = Release;
		};
		B706E98A2D3FE03D008496F9 /* Build configuration list for PBXNativeTarget "Hopla" */ = {
			isa = XCConfigurationList;
			buildConfigurations = (
				B706E98B2D3FE03D008496F9 /* Debug */,
				B706E98C2D3FE03D008496F9 /* Release */,
			);
			defaultConfigurationIsVisible = 0;
			defaultConfigurationName = Release;
		};
		B706E98D2D3FE03D008496F9 /* Build configuration list for PBXNativeTarget "HoplaTests" */ = {
			isa = XCConfigurationList;
			buildConfigurations = (
				B706E98E2D3FE03D008496F9 /* Debug */,
				B706E98F2D3FE03D008496F9 /* Release */,
			);
			defaultConfigurationIsVisible = 0;
			defaultConfigurationName = Release;
		};
		B706E9902D3FE03D008496F9 /* Build configuration list for PBXNativeTarget "HoplaUITests" */ = {
			isa = XCConfigurationList;
			buildConfigurations = (
				B706E9912D3FE03D008496F9 /* Debug */,
				B706E9922D3FE03D008496F9 /* Release */,
			);
			defaultConfigurationIsVisible = 0;
			defaultConfigurationName = Release;
		};
/* End XCConfigurationList section */

/* Begin XCRemoteSwiftPackageReference section */
		B7267AD52D77461B00A9A81A /* XCRemoteSwiftPackageReference "KeychainAccess" */ = {
			isa = XCRemoteSwiftPackageReference;
			repositoryURL = "https://github.com/kishikawakatsumi/KeychainAccess.git";
			requirement = {
				branch = master;
				kind = branch;
			};
		};
		B7267B722D774EA000A9A81A /* XCRemoteSwiftPackageReference "keychain-swift" */ = {
			isa = XCRemoteSwiftPackageReference;
			repositoryURL = "https://github.com/evgenyneu/keychain-swift.git";
			requirement = {
				kind = upToNextMajorVersion;
				minimumVersion = 24.0.0;
			};
		};
/* End XCRemoteSwiftPackageReference section */

/* Begin XCSwiftPackageProductDependency section */
		B7267AD62D77461B00A9A81A /* KeychainAccess */ = {
			isa = XCSwiftPackageProductDependency;
			package = B7267AD52D77461B00A9A81A /* XCRemoteSwiftPackageReference "KeychainAccess" */;
			productName = KeychainAccess;
		};
		B7267B732D774EA000A9A81A /* KeychainSwift */ = {
			isa = XCSwiftPackageProductDependency;
			package = B7267B722D774EA000A9A81A /* XCRemoteSwiftPackageReference "keychain-swift" */;
			productName = KeychainSwift;
		};
		B76402B12D808C4D00822457 /* KeychainSwift */ = {
			isa = XCSwiftPackageProductDependency;
			package = B7267B722D774EA000A9A81A /* XCRemoteSwiftPackageReference "keychain-swift" */;
			productName = KeychainSwift;
		};
		B77813632D787E9200517150 /* KeychainAccess */ = {
			isa = XCSwiftPackageProductDependency;
			package = B7267AD52D77461B00A9A81A /* XCRemoteSwiftPackageReference "KeychainAccess" */;
			productName = KeychainAccess;
		};
		B7E5F3882D7EE752003ECADD /* KeychainAccess */ = {
			isa = XCSwiftPackageProductDependency;
			package = B7267AD52D77461B00A9A81A /* XCRemoteSwiftPackageReference "KeychainAccess" */;
			productName = KeychainAccess;
		};
		B7E5F38A2D7EE77C003ECADD /* KeychainSwift */ = {
			isa = XCSwiftPackageProductDependency;
			package = B7267B722D774EA000A9A81A /* XCRemoteSwiftPackageReference "keychain-swift" */;
			productName = KeychainSwift;
		};
/* End XCSwiftPackageProductDependency section */
	};
	rootObject = B706E95E2D3FE03A008496F9 /* Project object */;
}
