// !$*UTF8*$!
{
	archiveVersion = 1;
	classes = {
	};
	objectVersion = 77;
	objects = {

/* Begin PBXBuildFile section */
		AE2EFF87356641EAB4F26C51 /* Pods_HoplaTests.framework in Frameworks */ = {isa = PBXBuildFile; fileRef = FED9F4EAADBC3DC445D5B653 /* Pods_HoplaTests.framework */; };
		D396F09C77DA4ABCB0A35AB1 /* Pods_Hopla.framework in Frameworks */ = {isa = PBXBuildFile; fileRef = 1DFC96A8ED5B10C00A22A76D /* Pods_Hopla.framework */; };
		FC3F69F74621605AB64557F8 /* Pods_HoplaUITests.framework in Frameworks */ = {isa = PBXBuildFile; fileRef = 3013672E20A4867D1BAC3056 /* Pods_HoplaUITests.framework */; };
/* End PBXBuildFile section */

/* Begin PBXContainerItemProxy section */
		B706E9772D3FE03D008496F9 /* PBXContainerItemProxy */ = {
			isa = PBXContainerItemProxy;
			containerPortal = B706E95E2D3FE03A008496F9 /* Project object */;
			proxyType = 1;
			remoteGlobalIDString = B706E9652D3FE03A008496F9;
			remoteInfo = Hopla;
		};
		B706E9812D3FE03D008496F9 /* PBXContainerItemProxy */ = {
			isa = PBXContainerItemProxy;
			containerPortal = B706E95E2D3FE03A008496F9 /* Project object */;
			proxyType = 1;
			remoteGlobalIDString = B706E9652D3FE03A008496F9;
			remoteInfo = Hopla;
		};
/* End PBXContainerItemProxy section */

/* Begin PBXFileReference section */
		1DFC96A8ED5B10C00A22A76D /* Pods_Hopla.framework */ = {isa = PBXFileReference; explicitFileType = wrapper.framework; includeInIndex = 0; path = Pods_Hopla.framework; sourceTree = BUILT_PRODUCTS_DIR; };
		3013672E20A4867D1BAC3056 /* Pods_HoplaUITests.framework */ = {isa = PBXFileReference; explicitFileType = wrapper.framework; includeInIndex = 0; path = Pods_HoplaUITests.framework; sourceTree = BUILT_PRODUCTS_DIR; };
		45E7E5CC0C425DF643D48593 /* Pods-HoplaUITests.release.xcconfig */ = {isa = PBXFileReference; includeInIndex = 1; lastKnownFileType = text.xcconfig; name = "Pods-HoplaUITests.release.xcconfig"; path = "Target Support Files/Pods-HoplaUITests/Pods-HoplaUITests.release.xcconfig"; sourceTree = "<group>"; };
		52B9D7FDF7EBF9B23A461941 /* Pods-HoplaTests.debug.xcconfig */ = {isa = PBXFileReference; includeInIndex = 1; lastKnownFileType = text.xcconfig; name = "Pods-HoplaTests.debug.xcconfig"; path = "Target Support Files/Pods-HoplaTests/Pods-HoplaTests.debug.xcconfig"; sourceTree = "<group>"; };
		5CF3C2309C7096468381D8BB /* Pods-HoplaTests.release.xcconfig */ = {isa = PBXFileReference; includeInIndex = 1; lastKnownFileType = text.xcconfig; name = "Pods-HoplaTests.release.xcconfig"; path = "Target Support Files/Pods-HoplaTests/Pods-HoplaTests.release.xcconfig"; sourceTree = "<group>"; };
		60A21EFEBC952B17EFC79311 /* Pods-Hopla.release.xcconfig */ = {isa = PBXFileReference; includeInIndex = 1; lastKnownFileType = text.xcconfig; name = "Pods-Hopla.release.xcconfig"; path = "Target Support Files/Pods-Hopla/Pods-Hopla.release.xcconfig"; sourceTree = "<group>"; };
		768CA3CA402BEB88F91A71E1 /* Pods-Hopla.debug.xcconfig */ = {isa = PBXFileReference; includeInIndex = 1; lastKnownFileType = text.xcconfig; name = "Pods-Hopla.debug.xcconfig"; path = "Target Support Files/Pods-Hopla/Pods-Hopla.debug.xcconfig"; sourceTree = "<group>"; };
		B706E9662D3FE03A008496F9 /* Hopla.app */ = {isa = PBXFileReference; explicitFileType = wrapper.application; includeInIndex = 0; path = Hopla.app; sourceTree = BUILT_PRODUCTS_DIR; };
		B706E9762D3FE03D008496F9 /* HoplaTests.xctest */ = {isa = PBXFileReference; explicitFileType = wrapper.cfbundle; includeInIndex = 0; path = HoplaTests.xctest; sourceTree = BUILT_PRODUCTS_DIR; };
		B706E9802D3FE03D008496F9 /* HoplaUITests.xctest */ = {isa = PBXFileReference; explicitFileType = wrapper.cfbundle; includeInIndex = 0; path = HoplaUITests.xctest; sourceTree = BUILT_PRODUCTS_DIR; };
		D310C0DFAF3102BE71C4A72B /* Pods-HoplaUITests.debug.xcconfig */ = {isa = PBXFileReference; includeInIndex = 1; lastKnownFileType = text.xcconfig; name = "Pods-HoplaUITests.debug.xcconfig"; path = "Target Support Files/Pods-HoplaUITests/Pods-HoplaUITests.debug.xcconfig"; sourceTree = "<group>"; };
		FED9F4EAADBC3DC445D5B653 /* Pods_HoplaTests.framework */ = {isa = PBXFileReference; explicitFileType = wrapper.framework; includeInIndex = 0; path = Pods_HoplaTests.framework; sourceTree = BUILT_PRODUCTS_DIR; };
/* End PBXFileReference section */

/* Begin PBXFileSystemSynchronizedBuildFileExceptionSet section */
		B737B5EB2D5B932E00876688 /* Exceptions for "Hopla" folder in "Hopla" target */ = {
			isa = PBXFileSystemSynchronizedBuildFileExceptionSet;
			membershipExceptions = (
				Info.plist,
			);
			target = B706E9652D3FE03A008496F9 /* Hopla */;
		};
/* End PBXFileSystemSynchronizedBuildFileExceptionSet section */

/* Begin PBXFileSystemSynchronizedRootGroup section */
		B706E9682D3FE03A008496F9 /* Hopla */ = {
			isa = PBXFileSystemSynchronizedRootGroup;
			exceptions = (
				B737B5EB2D5B932E00876688 /* Exceptions for "Hopla" folder in "Hopla" target */,
			);
			path = Hopla;
			sourceTree = "<group>";
		};
		B706E9792D3FE03D008496F9 /* HoplaTests */ = {
			isa = PBXFileSystemSynchronizedRootGroup;
			path = HoplaTests;
			sourceTree = "<group>";
		};
		B706E9832D3FE03D008496F9 /* HoplaUITests */ = {
			isa = PBXFileSystemSynchronizedRootGroup;
			path = HoplaUITests;
			sourceTree = "<group>";
		};
/* End PBXFileSystemSynchronizedRootGroup section */

/* Begin PBXFrameworksBuildPhase section */
		B706E9632D3FE03A008496F9 /* Frameworks */ = {
			isa = PBXFrameworksBuildPhase;
			buildActionMask = 2147483647;
			files = (
				D396F09C77DA4ABCB0A35AB1 /* Pods_Hopla.framework in Frameworks */,
			);
			runOnlyForDeploymentPostprocessing = 0;
		};
		B706E9732D3FE03D008496F9 /* Frameworks */ = {
			isa = PBXFrameworksBuildPhase;
			buildActionMask = 2147483647;
			files = (
				AE2EFF87356641EAB4F26C51 /* Pods_HoplaTests.framework in Frameworks */,
			);
			runOnlyForDeploymentPostprocessing = 0;
		};
		B706E97D2D3FE03D008496F9 /* Frameworks */ = {
			isa = PBXFrameworksBuildPhase;
			buildActionMask = 2147483647;
			files = (
				FC3F69F74621605AB64557F8 /* Pods_HoplaUITests.framework in Frameworks */,
			);
			runOnlyForDeploymentPostprocessing = 0;
		};
/* End PBXFrameworksBuildPhase section */

/* Begin PBXGroup section */
		8E886AB2E4FA101BB1D72ABC /* Frameworks */ = {
			isa = PBXGroup;
			children = (
				1DFC96A8ED5B10C00A22A76D /* Pods_Hopla.framework */,
				FED9F4EAADBC3DC445D5B653 /* Pods_HoplaTests.framework */,
				3013672E20A4867D1BAC3056 /* Pods_HoplaUITests.framework */,
			);
			name = Frameworks;
			sourceTree = "<group>";
		};
		B706E95D2D3FE03A008496F9 = {
			isa = PBXGroup;
			children = (
				B706E9682D3FE03A008496F9 /* Hopla */,
				B706E9792D3FE03D008496F9 /* HoplaTests */,
				B706E9832D3FE03D008496F9 /* HoplaUITests */,
				B706E9672D3FE03A008496F9 /* Products */,
				C1902BE88E7BE785C34EFB2E /* Pods */,
				8E886AB2E4FA101BB1D72ABC /* Frameworks */,
			);
			sourceTree = "<group>";
		};
		B706E9672D3FE03A008496F9 /* Products */ = {
			isa = PBXGroup;
			children = (
				B706E9662D3FE03A008496F9 /* Hopla.app */,
				B706E9762D3FE03D008496F9 /* HoplaTests.xctest */,
				B706E9802D3FE03D008496F9 /* HoplaUITests.xctest */,
			);
			name = Products;
			sourceTree = "<group>";
		};
		C1902BE88E7BE785C34EFB2E /* Pods */ = {
			isa = PBXGroup;
			children = (
				768CA3CA402BEB88F91A71E1 /* Pods-Hopla.debug.xcconfig */,
				60A21EFEBC952B17EFC79311 /* Pods-Hopla.release.xcconfig */,
				52B9D7FDF7EBF9B23A461941 /* Pods-HoplaTests.debug.xcconfig */,
				5CF3C2309C7096468381D8BB /* Pods-HoplaTests.release.xcconfig */,
				D310C0DFAF3102BE71C4A72B /* Pods-HoplaUITests.debug.xcconfig */,
				45E7E5CC0C425DF643D48593 /* Pods-HoplaUITests.release.xcconfig */,
			);
			path = Pods;
			sourceTree = "<group>";
		};
/* End PBXGroup section */

/* Begin PBXNativeTarget section */
		B706E9652D3FE03A008496F9 /* Hopla */ = {
			isa = PBXNativeTarget;
			buildConfigurationList = B706E98A2D3FE03D008496F9 /* Build configuration list for PBXNativeTarget "Hopla" */;
			buildPhases = (
				8F5A576AB3CB21781EEB52B6 /* [CP] Check Pods Manifest.lock */,
				B706E9622D3FE03A008496F9 /* Sources */,
				B706E9632D3FE03A008496F9 /* Frameworks */,
				B706E9642D3FE03A008496F9 /* Resources */,
				FCA0ADA027D00D72E0C08037 /* [CP] Copy Pods Resources */,
			);
			buildRules = (
			);
			dependencies = (
			);
			fileSystemSynchronizedGroups = (
				B706E9682D3FE03A008496F9 /* Hopla */,
			);
			name = Hopla;
			productName = Hopla;
			productReference = B706E9662D3FE03A008496F9 /* Hopla.app */;
			productType = "com.apple.product-type.application";
		};
		B706E9752D3FE03D008496F9 /* HoplaTests */ = {
			isa = PBXNativeTarget;
			buildConfigurationList = B706E98D2D3FE03D008496F9 /* Build configuration list for PBXNativeTarget "HoplaTests" */;
			buildPhases = (
				4F610AF96860C2F35F2C7063 /* [CP] Check Pods Manifest.lock */,
				B706E9722D3FE03D008496F9 /* Sources */,
				B706E9732D3FE03D008496F9 /* Frameworks */,
				B706E9742D3FE03D008496F9 /* Resources */,
			);
			buildRules = (
			);
			dependencies = (
				B706E9782D3FE03D008496F9 /* PBXTargetDependency */,
			);
			fileSystemSynchronizedGroups = (
				B706E9792D3FE03D008496F9 /* HoplaTests */,
			);
			name = HoplaTests;
			productName = HoplaTests;
			productReference = B706E9762D3FE03D008496F9 /* HoplaTests.xctest */;
			productType = "com.apple.product-type.bundle.unit-test";
		};
		B706E97F2D3FE03D008496F9 /* HoplaUITests */ = {
			isa = PBXNativeTarget;
			buildConfigurationList = B706E9902D3FE03D008496F9 /* Build configuration list for PBXNativeTarget "HoplaUITests" */;
			buildPhases = (
				D105CDCF4B677AF20D35068F /* [CP] Check Pods Manifest.lock */,
				B706E97C2D3FE03D008496F9 /* Sources */,
				B706E97D2D3FE03D008496F9 /* Frameworks */,
				B706E97E2D3FE03D008496F9 /* Resources */,
			);
			buildRules = (
			);
			dependencies = (
				B706E9822D3FE03D008496F9 /* PBXTargetDependency */,
			);
			fileSystemSynchronizedGroups = (
				B706E9832D3FE03D008496F9 /* HoplaUITests */,
			);
			name = HoplaUITests;
			productName = HoplaUITests;
			productReference = B706E9802D3FE03D008496F9 /* HoplaUITests.xctest */;
			productType = "com.apple.product-type.bundle.ui-testing";
		};
/* End PBXNativeTarget section */

/* Begin PBXProject section */
		B706E95E2D3FE03A008496F9 /* Project object */ = {
			isa = PBXProject;
			attributes = {
				BuildIndependentTargetsInParallel = 1;
				LastSwiftUpdateCheck = 1620;
				LastUpgradeCheck = 1620;
				TargetAttributes = {
					B706E9652D3FE03A008496F9 = {
						CreatedOnToolsVersion = 16.2;
					};
					B706E9752D3FE03D008496F9 = {
						CreatedOnToolsVersion = 16.2;
						TestTargetID = B706E9652D3FE03A008496F9;
					};
					B706E97F2D3FE03D008496F9 = {
						CreatedOnToolsVersion = 16.2;
						TestTargetID = B706E9652D3FE03A008496F9;
					};
				};
			};
			buildConfigurationList = B706E9612D3FE03A008496F9 /* Build configuration list for PBXProject "Hopla" */;
			developmentRegion = en;
			hasScannedForEncodings = 0;
			knownRegions = (
				en,
				Base,
				nb,
			);
			mainGroup = B706E95D2D3FE03A008496F9;
			minimizedProjectReferenceProxies = 1;
			preferredProjectObjectVersion = 77;
			productRefGroup = B706E9672D3FE03A008496F9 /* Products */;
			projectDirPath = "";
			projectRoot = "";
			targets = (
				B706E9652D3FE03A008496F9 /* Hopla */,
				B706E9752D3FE03D008496F9 /* HoplaTests */,
				B706E97F2D3FE03D008496F9 /* HoplaUITests */,
			);
		};
/* End PBXProject section */

/* Begin PBXResourcesBuildPhase section */
		B706E9642D3FE03A008496F9 /* Resources */ = {
			isa = PBXResourcesBuildPhase;
			buildActionMask = 2147483647;
			files = (
			);
			runOnlyForDeploymentPostprocessing = 0;
		};
		B706E9742D3FE03D008496F9 /* Resources */ = {
			isa = PBXResourcesBuildPhase;
			buildActionMask = 2147483647;
			files = (
			);
			runOnlyForDeploymentPostprocessing = 0;
		};
		B706E97E2D3FE03D008496F9 /* Resources */ = {
			isa = PBXResourcesBuildPhase;
			buildActionMask = 2147483647;
			files = (
			);
			runOnlyForDeploymentPostprocessing = 0;
		};
/* End PBXResourcesBuildPhase section */

/* Begin PBXShellScriptBuildPhase section */
		4F610AF96860C2F35F2C7063 /* [CP] Check Pods Manifest.lock */ = {
			isa = PBXShellScriptBuildPhase;
			buildActionMask = 2147483647;
			files = (
			);
			inputFileListPaths = (
			);
			inputPaths = (
				"${PODS_PODFILE_DIR_PATH}/Podfile.lock",
				"${PODS_ROOT}/Manifest.lock",
			);
			name = "[CP] Check Pods Manifest.lock";
			outputFileListPaths = (
			);
			outputPaths = (
				"$(DERIVED_FILE_DIR)/Pods-HoplaTests-checkManifestLockResult.txt",
			);
			runOnlyForDeploymentPostprocessing = 0;
			shellPath = /bin/sh;
			shellScript = "diff \"${PODS_PODFILE_DIR_PATH}/Podfile.lock\" \"${PODS_ROOT}/Manifest.lock\" > /dev/null\nif [ $? != 0 ] ; then\n    # print error to STDERR\n    echo \"error: The sandbox is not in sync with the Podfile.lock. Run 'pod install' or update your CocoaPods installation.\" >&2\n    exit 1\nfi\n# This output is used by Xcode 'outputs' to avoid re-running this script phase.\necho \"SUCCESS\" > \"${SCRIPT_OUTPUT_FILE_0}\"\n";
			showEnvVarsInLog = 0;
		};
		8F5A576AB3CB21781EEB52B6 /* [CP] Check Pods Manifest.lock */ = {
			isa = PBXShellScriptBuildPhase;
			buildActionMask = 2147483647;
			files = (
			);
			inputFileListPaths = (
			);
			inputPaths = (
				"${PODS_PODFILE_DIR_PATH}/Podfile.lock",
				"${PODS_ROOT}/Manifest.lock",
			);
			name = "[CP] Check Pods Manifest.lock";
			outputFileListPaths = (
			);
			outputPaths = (
				"$(DERIVED_FILE_DIR)/Pods-Hopla-checkManifestLockResult.txt",
			);
			runOnlyForDeploymentPostprocessing = 0;
			shellPath = /bin/sh;
			shellScript = "diff \"${PODS_PODFILE_DIR_PATH}/Podfile.lock\" \"${PODS_ROOT}/Manifest.lock\" > /dev/null\nif [ $? != 0 ] ; then\n    # print error to STDERR\n    echo \"error: The sandbox is not in sync with the Podfile.lock. Run 'pod install' or update your CocoaPods installation.\" >&2\n    exit 1\nfi\n# This output is used by Xcode 'outputs' to avoid re-running this script phase.\necho \"SUCCESS\" > \"${SCRIPT_OUTPUT_FILE_0}\"\n";
			showEnvVarsInLog = 0;
		};
		D105CDCF4B677AF20D35068F /* [CP] Check Pods Manifest.lock */ = {
			isa = PBXShellScriptBuildPhase;
			buildActionMask = 2147483647;
			files = (
			);
			inputFileListPaths = (
			);
			inputPaths = (
				"${PODS_PODFILE_DIR_PATH}/Podfile.lock",
				"${PODS_ROOT}/Manifest.lock",
			);
			name = "[CP] Check Pods Manifest.lock";
			outputFileListPaths = (
			);
			outputPaths = (
				"$(DERIVED_FILE_DIR)/Pods-HoplaUITests-checkManifestLockResult.txt",
			);
			runOnlyForDeploymentPostprocessing = 0;
			shellPath = /bin/sh;
			shellScript = "diff \"${PODS_PODFILE_DIR_PATH}/Podfile.lock\" \"${PODS_ROOT}/Manifest.lock\" > /dev/null\nif [ $? != 0 ] ; then\n    # print error to STDERR\n    echo \"error: The sandbox is not in sync with the Podfile.lock. Run 'pod install' or update your CocoaPods installation.\" >&2\n    exit 1\nfi\n# This output is used by Xcode 'outputs' to avoid re-running this script phase.\necho \"SUCCESS\" > \"${SCRIPT_OUTPUT_FILE_0}\"\n";
			showEnvVarsInLog = 0;
		};
		FCA0ADA027D00D72E0C08037 /* [CP] Copy Pods Resources */ = {
			isa = PBXShellScriptBuildPhase;
			buildActionMask = 2147483647;
			files = (
			);
			inputFileListPaths = (
				"${PODS_ROOT}/Target Support Files/Pods-Hopla/Pods-Hopla-resources-${CONFIGURATION}-input-files.xcfilelist",
			);
			name = "[CP] Copy Pods Resources";
			outputFileListPaths = (
				"${PODS_ROOT}/Target Support Files/Pods-Hopla/Pods-Hopla-resources-${CONFIGURATION}-output-files.xcfilelist",
			);
			runOnlyForDeploymentPostprocessing = 0;
			shellPath = /bin/sh;
			shellScript = "\"${PODS_ROOT}/Target Support Files/Pods-Hopla/Pods-Hopla-resources.sh\"\n";
			showEnvVarsInLog = 0;
		};
/* End PBXShellScriptBuildPhase section */

/* Begin PBXSourcesBuildPhase section */
		B706E9622D3FE03A008496F9 /* Sources */ = {
			isa = PBXSourcesBuildPhase;
			buildActionMask = 2147483647;
			files = (
			);
			runOnlyForDeploymentPostprocessing = 0;
		};
		B706E9722D3FE03D008496F9 /* Sources */ = {
			isa = PBXSourcesBuildPhase;
			buildActionMask = 2147483647;
			files = (
			);
			runOnlyForDeploymentPostprocessing = 0;
		};
		B706E97C2D3FE03D008496F9 /* Sources */ = {
			isa = PBXSourcesBuildPhase;
			buildActionMask = 2147483647;
			files = (
			);
			runOnlyForDeploymentPostprocessing = 0;
		};
/* End PBXSourcesBuildPhase section */

/* Begin PBXTargetDependency section */
		B706E9782D3FE03D008496F9 /* PBXTargetDependency */ = {
			isa = PBXTargetDependency;
			target = B706E9652D3FE03A008496F9 /* Hopla */;
			targetProxy = B706E9772D3FE03D008496F9 /* PBXContainerItemProxy */;
		};
		B706E9822D3FE03D008496F9 /* PBXTargetDependency */ = {
			isa = PBXTargetDependency;
			target = B706E9652D3FE03A008496F9 /* Hopla */;
			targetProxy = B706E9812D3FE03D008496F9 /* PBXContainerItemProxy */;
		};
/* End PBXTargetDependency section */

/* Begin XCBuildConfiguration section */
		B706E9882D3FE03D008496F9 /* Debug */ = {
			isa = XCBuildConfiguration;
			buildSettings = {
				ALWAYS_SEARCH_USER_PATHS = NO;
				ASSETCATALOG_COMPILER_GENERATE_SWIFT_ASSET_SYMBOL_EXTENSIONS = YES;
				CLANG_ANALYZER_NONNULL = YES;
				CLANG_ANALYZER_NUMBER_OBJECT_CONVERSION = YES_AGGRESSIVE;
				CLANG_CXX_LANGUAGE_STANDARD = "gnu++20";
				CLANG_ENABLE_MODULES = YES;
				CLANG_ENABLE_OBJC_ARC = YES;
				CLANG_ENABLE_OBJC_WEAK = YES;
				CLANG_WARN_BLOCK_CAPTURE_AUTORELEASING = YES;
				CLANG_WARN_BOOL_CONVERSION = YES;
				CLANG_WARN_COMMA = YES;
				CLANG_WARN_CONSTANT_CONVERSION = YES;
				CLANG_WARN_DEPRECATED_OBJC_IMPLEMENTATIONS = YES;
				CLANG_WARN_DIRECT_OBJC_ISA_USAGE = YES_ERROR;
				CLANG_WARN_DOCUMENTATION_COMMENTS = YES;
				CLANG_WARN_EMPTY_BODY = YES;
				CLANG_WARN_ENUM_CONVERSION = YES;
				CLANG_WARN_INFINITE_RECURSION = YES;
				CLANG_WARN_INT_CONVERSION = YES;
				CLANG_WARN_NON_LITERAL_NULL_CONVERSION = YES;
				CLANG_WARN_OBJC_IMPLICIT_RETAIN_SELF = YES;
				CLANG_WARN_OBJC_LITERAL_CONVERSION = YES;
				CLANG_WARN_OBJC_ROOT_CLASS = YES_ERROR;
				CLANG_WARN_QUOTED_INCLUDE_IN_FRAMEWORK_HEADER = YES;
				CLANG_WARN_RANGE_LOOP_ANALYSIS = YES;
				CLANG_WARN_STRICT_PROTOTYPES = YES;
				CLANG_WARN_SUSPICIOUS_MOVE = YES;
				CLANG_WARN_UNGUARDED_AVAILABILITY = YES_AGGRESSIVE;
				CLANG_WARN_UNREACHABLE_CODE = YES;
				CLANG_WARN__DUPLICATE_METHOD_MATCH = YES;
				COPY_PHASE_STRIP = NO;
				DEBUG_INFORMATION_FORMAT = dwarf;
				ENABLE_STRICT_OBJC_MSGSEND = YES;
				ENABLE_TESTABILITY = YES;
				ENABLE_USER_SCRIPT_SANDBOXING = YES;
				GCC_C_LANGUAGE_STANDARD = gnu17;
				GCC_DYNAMIC_NO_PIC = NO;
				GCC_NO_COMMON_BLOCKS = YES;
				GCC_OPTIMIZATION_LEVEL = 0;
				GCC_PREPROCESSOR_DEFINITIONS = (
					"DEBUG=1",
					"$(inherited)",
				);
				GCC_WARN_64_TO_32_BIT_CONVERSION = YES;
				GCC_WARN_ABOUT_RETURN_TYPE = YES_ERROR;
				GCC_WARN_UNDECLARED_SELECTOR = YES;
				GCC_WARN_UNINITIALIZED_AUTOS = YES_AGGRESSIVE;
				GCC_WARN_UNUSED_FUNCTION = YES;
				GCC_WARN_UNUSED_VARIABLE = YES;
				IPHONEOS_DEPLOYMENT_TARGET = 18.2;
				LOCALIZATION_PREFERS_STRING_CATALOGS = YES;
				MTL_ENABLE_DEBUG_INFO = INCLUDE_SOURCE;
				MTL_FAST_MATH = YES;
				ONLY_ACTIVE_ARCH = YES;
				SDKROOT = iphoneos;
				SWIFT_ACTIVE_COMPILATION_CONDITIONS = "DEBUG $(inherited)";
				SWIFT_EMIT_LOC_STRINGS = YES;
				SWIFT_OPTIMIZATION_LEVEL = "-Onone";
			};
			name = Debug;
		};
		B706E9892D3FE03D008496F9 /* Release */ = {
			isa = XCBuildConfiguration;
			buildSettings = {
				ALWAYS_SEARCH_USER_PATHS = NO;
				ASSETCATALOG_COMPILER_GENERATE_SWIFT_ASSET_SYMBOL_EXTENSIONS = YES;
				CLANG_ANALYZER_NONNULL = YES;
				CLANG_ANALYZER_NUMBER_OBJECT_CONVERSION = YES_AGGRESSIVE;
				CLANG_CXX_LANGUAGE_STANDARD = "gnu++20";
				CLANG_ENABLE_MODULES = YES;
				CLANG_ENABLE_OBJC_ARC = YES;
				CLANG_ENABLE_OBJC_WEAK = YES;
				CLANG_WARN_BLOCK_CAPTURE_AUTORELEASING = YES;
				CLANG_WARN_BOOL_CONVERSION = YES;
				CLANG_WARN_COMMA = YES;
				CLANG_WARN_CONSTANT_CONVERSION = YES;
				CLANG_WARN_DEPRECATED_OBJC_IMPLEMENTATIONS = YES;
				CLANG_WARN_DIRECT_OBJC_ISA_USAGE = YES_ERROR;
				CLANG_WARN_DOCUMENTATION_COMMENTS = YES;
				CLANG_WARN_EMPTY_BODY = YES;
				CLANG_WARN_ENUM_CONVERSION = YES;
				CLANG_WARN_INFINITE_RECURSION = YES;
				CLANG_WARN_INT_CONVERSION = YES;
				CLANG_WARN_NON_LITERAL_NULL_CONVERSION = YES;
				CLANG_WARN_OBJC_IMPLICIT_RETAIN_SELF = YES;
				CLANG_WARN_OBJC_LITERAL_CONVERSION = YES;
				CLANG_WARN_OBJC_ROOT_CLASS = YES_ERROR;
				CLANG_WARN_QUOTED_INCLUDE_IN_FRAMEWORK_HEADER = YES;
				CLANG_WARN_RANGE_LOOP_ANALYSIS = YES;
				CLANG_WARN_STRICT_PROTOTYPES = YES;
				CLANG_WARN_SUSPICIOUS_MOVE = YES;
				CLANG_WARN_UNGUARDED_AVAILABILITY = YES_AGGRESSIVE;
				CLANG_WARN_UNREACHABLE_CODE = YES;
				CLANG_WARN__DUPLICATE_METHOD_MATCH = YES;
				COPY_PHASE_STRIP = NO;
				DEBUG_INFORMATION_FORMAT = "dwarf-with-dsym";
				ENABLE_NS_ASSERTIONS = NO;
				ENABLE_STRICT_OBJC_MSGSEND = YES;
				ENABLE_USER_SCRIPT_SANDBOXING = YES;
				GCC_C_LANGUAGE_STANDARD = gnu17;
				GCC_NO_COMMON_BLOCKS = YES;
				GCC_WARN_64_TO_32_BIT_CONVERSION = YES;
				GCC_WARN_ABOUT_RETURN_TYPE = YES_ERROR;
				GCC_WARN_UNDECLARED_SELECTOR = YES;
				GCC_WARN_UNINITIALIZED_AUTOS = YES_AGGRESSIVE;
				GCC_WARN_UNUSED_FUNCTION = YES;
				GCC_WARN_UNUSED_VARIABLE = YES;
				IPHONEOS_DEPLOYMENT_TARGET = 18.2;
				LOCALIZATION_PREFERS_STRING_CATALOGS = YES;
				MTL_ENABLE_DEBUG_INFO = NO;
				MTL_FAST_MATH = YES;
				SDKROOT = iphoneos;
				SWIFT_COMPILATION_MODE = wholemodule;
				SWIFT_EMIT_LOC_STRINGS = YES;
				VALIDATE_PRODUCT = YES;
			};
			name = Release;
		};
		B706E98B2D3FE03D008496F9 /* Debug */ = {
			isa = XCBuildConfiguration;
			baseConfigurationReference = 768CA3CA402BEB88F91A71E1 /* Pods-Hopla.debug.xcconfig */;
			buildSettings = {
				ASSETCATALOG_COMPILER_APPICON_NAME = AppIcon;
				ASSETCATALOG_COMPILER_GLOBAL_ACCENT_COLOR_NAME = AccentColor;
				CODE_SIGN_STYLE = Automatic;
				CURRENT_PROJECT_VERSION = 1;
				DEVELOPMENT_ASSET_PATHS = "\"Hopla/Preview Content\"";
				DEVELOPMENT_TEAM = 9MR3MF93FC;
				ENABLE_PREVIEWS = YES;
				ENABLE_USER_SCRIPT_SANDBOXING = NO;
				GENERATE_INFOPLIST_FILE = YES;
				INFOPLIST_KEY_UIApplicationSceneManifest_Generation = YES;
				INFOPLIST_KEY_UIApplicationSupportsIndirectInputEvents = YES;
				INFOPLIST_KEY_UILaunchScreen_Generation = YES;
				INFOPLIST_KEY_UISupportedInterfaceOrientations_iPad = "UIInterfaceOrientationPortrait UIInterfaceOrientationPortraitUpsideDown UIInterfaceOrientationLandscapeLeft UIInterfaceOrientationLandscapeRight";
				INFOPLIST_KEY_UISupportedInterfaceOrientations_iPhone = "UIInterfaceOrientationPortrait UIInterfaceOrientationLandscapeLeft UIInterfaceOrientationLandscapeRight";
				IPHONEOS_DEPLOYMENT_TARGET = 16.6;
				LD_RUNPATH_SEARCH_PATHS = (
					"$(inherited)",
					"@executable_path/Frameworks",
				);
				MARKETING_VERSION = 1.0;
				PRODUCT_BUNDLE_IDENTIFIER = com.anemarie.hopla;
				PRODUCT_NAME = "$(TARGET_NAME)";
				SWIFT_EMIT_LOC_STRINGS = YES;
				SWIFT_VERSION = 5.0;
				TARGETED_DEVICE_FAMILY = "1,2";
			};
			name = Debug;
		};
		B706E98C2D3FE03D008496F9 /* Release */ = {
			isa = XCBuildConfiguration;
			baseConfigurationReference = 60A21EFEBC952B17EFC79311 /* Pods-Hopla.release.xcconfig */;
			buildSettings = {
				ASSETCATALOG_COMPILER_APPICON_NAME = AppIcon;
				ASSETCATALOG_COMPILER_GLOBAL_ACCENT_COLOR_NAME = AccentColor;
				CODE_SIGN_STYLE = Automatic;
				CURRENT_PROJECT_VERSION = 1;
				DEVELOPMENT_ASSET_PATHS = "\"Hopla/Preview Content\"";
				DEVELOPMENT_TEAM = 9MR3MF93FC;
				ENABLE_PREVIEWS = YES;
				ENABLE_USER_SCRIPT_SANDBOXING = NO;
				GENERATE_INFOPLIST_FILE = YES;
				INFOPLIST_KEY_UIApplicationSceneManifest_Generation = YES;
				INFOPLIST_KEY_UIApplicationSupportsIndirectInputEvents = YES;
				INFOPLIST_KEY_UILaunchScreen_Generation = YES;
				INFOPLIST_KEY_UISupportedInterfaceOrientations_iPad = "UIInterfaceOrientationPortrait UIInterfaceOrientationPortraitUpsideDown UIInterfaceOrientationLandscapeLeft UIInterfaceOrientationLandscapeRight";
				INFOPLIST_KEY_UISupportedInterfaceOrientations_iPhone = "UIInterfaceOrientationPortrait UIInterfaceOrientationLandscapeLeft UIInterfaceOrientationLandscapeRight";
				IPHONEOS_DEPLOYMENT_TARGET = 16.6;
				LD_RUNPATH_SEARCH_PATHS = (
					"$(inherited)",
					"@executable_path/Frameworks",
				);
				MARKETING_VERSION = 1.0;
				PRODUCT_BUNDLE_IDENTIFIER = com.anemarie.hopla;
				PRODUCT_NAME = "$(TARGET_NAME)";
				SWIFT_EMIT_LOC_STRINGS = YES;
				SWIFT_VERSION = 5.0;
				TARGETED_DEVICE_FAMILY = "1,2";
			};
			name = Release;
		};
		B706E98E2D3FE03D008496F9 /* Debug */ = {
			isa = XCBuildConfiguration;
			baseConfigurationReference = 52B9D7FDF7EBF9B23A461941 /* Pods-HoplaTests.debug.xcconfig */;
			buildSettings = {
				BUNDLE_LOADER = "$(TEST_HOST)";
				CODE_SIGN_STYLE = Automatic;
				CURRENT_PROJECT_VERSION = 1;
				GENERATE_INFOPLIST_FILE = YES;
				IPHONEOS_DEPLOYMENT_TARGET = 18.2;
				MARKETING_VERSION = 1.0;
				PRODUCT_BUNDLE_IDENTIFIER = Hopla.HoplaTests;
				PRODUCT_NAME = "$(TARGET_NAME)";
				SWIFT_EMIT_LOC_STRINGS = NO;
				SWIFT_VERSION = 5.0;
				TARGETED_DEVICE_FAMILY = "1,2";
				TEST_HOST = "$(BUILT_PRODUCTS_DIR)/Hopla.app/$(BUNDLE_EXECUTABLE_FOLDER_PATH)/Hopla";
			};
			name = Debug;
		};
		B706E98F2D3FE03D008496F9 /* Release */ = {
			isa = XCBuildConfiguration;
			baseConfigurationReference = 5CF3C2309C7096468381D8BB /* Pods-HoplaTests.release.xcconfig */;
			buildSettings = {
				BUNDLE_LOADER = "$(TEST_HOST)";
				CODE_SIGN_STYLE = Automatic;
				CURRENT_PROJECT_VERSION = 1;
				GENERATE_INFOPLIST_FILE = YES;
				IPHONEOS_DEPLOYMENT_TARGET = 18.2;
				MARKETING_VERSION = 1.0;
				PRODUCT_BUNDLE_IDENTIFIER = Hopla.HoplaTests;
				PRODUCT_NAME = "$(TARGET_NAME)";
				SWIFT_EMIT_LOC_STRINGS = NO;
				SWIFT_VERSION = 5.0;
				TARGETED_DEVICE_FAMILY = "1,2";
				TEST_HOST = "$(BUILT_PRODUCTS_DIR)/Hopla.app/$(BUNDLE_EXECUTABLE_FOLDER_PATH)/Hopla";
			};
			name = Release;
		};
		B706E9912D3FE03D008496F9 /* Debug */ = {
			isa = XCBuildConfiguration;
			baseConfigurationReference = D310C0DFAF3102BE71C4A72B /* Pods-HoplaUITests.debug.xcconfig */;
			buildSettings = {
				CODE_SIGN_STYLE = Automatic;
				CURRENT_PROJECT_VERSION = 1;
				GENERATE_INFOPLIST_FILE = YES;
				MARKETING_VERSION = 1.0;
				PRODUCT_BUNDLE_IDENTIFIER = Hopla.HoplaUITests;
				PRODUCT_NAME = "$(TARGET_NAME)";
				SWIFT_EMIT_LOC_STRINGS = NO;
				SWIFT_VERSION = 5.0;
				TARGETED_DEVICE_FAMILY = "1,2";
				TEST_TARGET_NAME = Hopla;
			};
			name = Debug;
		};
		B706E9922D3FE03D008496F9 /* Release */ = {
			isa = XCBuildConfiguration;
			baseConfigurationReference = 45E7E5CC0C425DF643D48593 /* Pods-HoplaUITests.release.xcconfig */;
			buildSettings = {
				CODE_SIGN_STYLE = Automatic;
				CURRENT_PROJECT_VERSION = 1;
				GENERATE_INFOPLIST_FILE = YES;
				MARKETING_VERSION = 1.0;
				PRODUCT_BUNDLE_IDENTIFIER = Hopla.HoplaUITests;
				PRODUCT_NAME = "$(TARGET_NAME)";
				SWIFT_EMIT_LOC_STRINGS = NO;
				SWIFT_VERSION = 5.0;
				TARGETED_DEVICE_FAMILY = "1,2";
				TEST_TARGET_NAME = Hopla;
			};
			name = Release;
		};
/* End XCBuildConfiguration section */

/* Begin XCConfigurationList section */
		B706E9612D3FE03A008496F9 /* Build configuration list for PBXProject "Hopla" */ = {
			isa = XCConfigurationList;
			buildConfigurations = (
				B706E9882D3FE03D008496F9 /* Debug */,
				B706E9892D3FE03D008496F9 /* Release */,
			);
			defaultConfigurationIsVisible = 0;
			defaultConfigurationName = Release;
		};
		B706E98A2D3FE03D008496F9 /* Build configuration list for PBXNativeTarget "Hopla" */ = {
			isa = XCConfigurationList;
			buildConfigurations = (
				B706E98B2D3FE03D008496F9 /* Debug */,
				B706E98C2D3FE03D008496F9 /* Release */,
			);
			defaultConfigurationIsVisible = 0;
			defaultConfigurationName = Release;
		};
		B706E98D2D3FE03D008496F9 /* Build configuration list for PBXNativeTarget "HoplaTests" */ = {
			isa = XCConfigurationList;
			buildConfigurations = (
				B706E98E2D3FE03D008496F9 /* Debug */,
				B706E98F2D3FE03D008496F9 /* Release */,
			);
			defaultConfigurationIsVisible = 0;
			defaultConfigurationName = Release;
		};
		B706E9902D3FE03D008496F9 /* Build configuration list for PBXNativeTarget "HoplaUITests" */ = {
			isa = XCConfigurationList;
			buildConfigurations = (
				B706E9912D3FE03D008496F9 /* Debug */,
				B706E9922D3FE03D008496F9 /* Release */,
			);
			defaultConfigurationIsVisible = 0;
			defaultConfigurationName = Release;
		};
/* End XCConfigurationList section */
	};
	rootObject = B706E95E2D3FE03A008496F9 /* Project object */;
}
